
Microsoft Visual Studio Solution File, Format Version 12.00
# Visual Studio 16
Project("{FAE04EC0-301F-11D3-BF4B-00C04F79EFBC}") = "UnityEngine.TestRunner", "UnityEngine.TestRunner.csproj", "{7F7551A5-388E-4752-7A8C-427D53EE0D70}"
EndProject
Project("{FAE04EC0-301F-11D3-BF4B-00C04F79EFBC}") = "Unity.2D.Animation.Triangle.Runtime", "Unity.2D.Animation.Triangle.Runtime.csproj", "{7D9D1009-4DD2-3F0B-11AB-B4089907B38C}"
EndProject
Project("{FAE04EC0-301F-11D3-BF4B-00C04F79EFBC}") = "Unity.TextMeshPro", "Unity.TextMeshPro.csproj", "{AF02C996-4E23-5D73-68E0-17241649AFE6}"
EndProject
Project("{FAE04EC0-301F-11D3-BF4B-00C04F79EFBC}") = "Unity.2D.Animation.Runtime", "Unity.2D.Animation.Runtime.csproj", "{95FDEFB0-5761-630D-3071-F55F45AFE772}"
EndProject
Project("{FAE04EC0-301F-11D3-BF4B-00C04F79EFBC}") = "Unity.Timeline", "Unity.Timeline.csproj", "{E8C457D5-179D-61A4-96F9-88E3D7198282}"
EndProject
Project("{FAE04EC0-301F-11D3-BF4B-00C04F79EFBC}") = "Unity.Mathematics", "Unity.Mathematics.csproj", "{6D616399-7414-C278-9D4D-0DFB338F05A0}"
EndProject
Project("{FAE04EC0-301F-11D3-BF4B-00C04F79EFBC}") = "Unity.2D.SpriteShape.Runtime", "Unity.2D.SpriteShape.Runtime.csproj", "{13C89EC9-0924-28CD-1F14-DD9D32FA1719}"
EndProject
Project("{FAE04EC0-301F-11D3-BF4B-00C04F79EFBC}") = "Unity.2D.PixelPerfect", "Unity.2D.PixelPerfect.csproj", "{D2CF8F7C-544A-7CC4-3745-54CDDB18CAB6}"
EndProject
Project("{FAE04EC0-301F-11D3-BF4B-00C04F79EFBC}") = "Assembly-CSharp", "Assembly-CSharp.csproj", "{5D3DFF18-BC19-57EE-0316-597EAB48AF26}"
EndProject
Project("{FAE04EC0-301F-11D3-BF4B-00C04F79EFBC}") = "Unity.InternalAPIEngineBridge.001", "Unity.InternalAPIEngineBridge.001.csproj", "{649DB9E9-3E20-935C-F9CD-E578ACF5E26B}"
EndProject
Project("{FAE04EC0-301F-11D3-BF4B-00C04F79EFBC}") = "Unity.2D.Common.Runtime", "Unity.2D.Common.Runtime.csproj", "{51998A72-37BC-C97C-360B-6042342C5A16}"
EndProject
Project("{FAE04EC0-301F-11D3-BF4B-00C04F79EFBC}") = "UnityEditor.TestRunner", "UnityEditor.TestRunner.csproj", "{92F39956-5502-4A1D-5381-4525BEB047A9}"
EndProject
Project("{FAE04EC0-301F-11D3-BF4B-00C04F79EFBC}") = "Unity.TextMeshPro.Editor", "Unity.TextMeshPro.Editor.csproj", "{66252366-19C3-576D-5003-3293A7F01F3D}"
EndProject
Project("{FAE04EC0-301F-11D3-BF4B-00C04F79EFBC}") = "Unity.Timeline.Editor", "Unity.Timeline.Editor.csproj", "{E3CCD2F4-3B3A-10DC-3255-9A58F1016B1F}"
EndProject
Project("{FAE04EC0-301F-11D3-BF4B-00C04F79EFBC}") = "Unity.2D.Animation.Editor", "Unity.2D.Animation.Editor.csproj", "{063D8A5B-5E37-A065-0268-1E119B548934}"
EndProject
Project("{FAE04EC0-301F-11D3-BF4B-00C04F79EFBC}") = "Unity.2D.Path.Editor", "Unity.2D.Path.Editor.csproj", "{4B32891A-43D0-6511-8F0A-E8154CD1DB7A}"
EndProject
Project("{FAE04EC0-301F-11D3-BF4B-00C04F79EFBC}") = "Unity.Rider.Editor", "Unity.Rider.Editor.csproj", "{7AB30582-12CB-ED48-7D9C-D2AAA223DE03}"
EndProject
Project("{FAE04EC0-301F-11D3-BF4B-00C04F79EFBC}") = "Unity.2D.SpriteShape.Editor", "Unity.2D.SpriteShape.Editor.csproj", "{512EDC5D-8821-42F2-FCED-5E1187781982}"
EndProject
Project("{FAE04EC0-301F-11D3-BF4B-00C04F79EFBC}") = "PsdPlugin", "PsdPlugin.csproj", "{063E87ED-F7B3-9A8B-F7A2-2A6859D2B945}"
EndProject
Project("{FAE04EC0-301F-11D3-BF4B-00C04F79EFBC}") = "Unity.CollabProxy.Editor", "Unity.CollabProxy.Editor.csproj", "{03E43F7D-99CA-40FC-FAD2-FAFD951AAFCB}"
EndProject
Project("{FAE04EC0-301F-11D3-BF4B-00C04F79EFBC}") = "Unity.2D.Common.Editor", "Unity.2D.Common.Editor.csproj", "{6FDDB33E-1C80-CA19-CEF7-A64762BB7ED7}"
EndProject
Project("{FAE04EC0-301F-11D3-BF4B-00C04F79EFBC}") = "Unity.VSCode.Editor", "Unity.VSCode.Editor.csproj", "{347BC98F-7A32-D9E8-B24A-4D9BABA7DC4A}"
EndProject
Project("{FAE04EC0-301F-11D3-BF4B-00C04F79EFBC}") = "Unity.2D.Psdimporter.Editor", "Unity.2D.Psdimporter.Editor.csproj", "{F246D9FB-E6B8-431B-5F45-59993C37A5F7}"
EndProject
Project("{FAE04EC0-301F-11D3-BF4B-00C04F79EFBC}") = "Unity.2D.PixelPerfect.Editor", "Unity.2D.PixelPerfect.Editor.csproj", "{44E89807-D94B-20F0-40BD-DD7DF187A59F}"
EndProject
Project("{FAE04EC0-301F-11D3-BF4B-00C04F79EFBC}") = "Unity.Mathematics.Editor", "Unity.Mathematics.Editor.csproj", "{2B190CB7-0700-7805-F929-A654DD1A3FA0}"
EndProject
Project("{FAE04EC0-301F-11D3-BF4B-00C04F79EFBC}") = "Unity.InternalAPIEditorBridge.001", "Unity.InternalAPIEditorBridge.001.csproj", "{00E98E30-32BB-599C-84C4-95FFB3E57469}"
EndProject
Global
	GlobalSection(SolutionConfigurationPlatforms) = preSolution
		Debug|Any CPU = Debug|Any CPU
		Release|Any CPU = Release|Any CPU
	EndGlobalSection
	GlobalSection(ProjectConfigurationPlatforms) = postSolution
		{7F7551A5-388E-4752-7A8C-427D53EE0D70}.Debug|Any CPU.ActiveCfg = Debug|Any CPU
		{7F7551A5-388E-4752-7A8C-427D53EE0D70}.Debug|Any CPU.Build.0 = Debug|Any CPU
		{7F7551A5-388E-4752-7A8C-427D53EE0D70}.Release|Any CPU.ActiveCfg = Release|Any CPU
		{7F7551A5-388E-4752-7A8C-427D53EE0D70}.Release|Any CPU.Build.0 = Release|Any CPU
		{7D9D1009-4DD2-3F0B-11AB-B4089907B38C}.Debug|Any CPU.ActiveCfg = Debug|Any CPU
		{7D9D1009-4DD2-3F0B-11AB-B4089907B38C}.Debug|Any CPU.Build.0 = Debug|Any CPU
		{7D9D1009-4DD2-3F0B-11AB-B4089907B38C}.Release|Any CPU.ActiveCfg = Release|Any CPU
		{7D9D1009-4DD2-3F0B-11AB-B4089907B38C}.Release|Any CPU.Build.0 = Release|Any CPU
		{AF02C996-4E23-5D73-68E0-17241649AFE6}.Debug|Any CPU.ActiveCfg = Debug|Any CPU
		{AF02C996-4E23-5D73-68E0-17241649AFE6}.Debug|Any CPU.Build.0 = Debug|Any CPU
		{AF02C996-4E23-5D73-68E0-17241649AFE6}.Release|Any CPU.ActiveCfg = Release|Any CPU
		{AF02C996-4E23-5D73-68E0-17241649AFE6}.Release|Any CPU.Build.0 = Release|Any CPU
		{95FDEFB0-5761-630D-3071-F55F45AFE772}.Debug|Any CPU.ActiveCfg = Debug|Any CPU
		{95FDEFB0-5761-630D-3071-F55F45AFE772}.Debug|Any CPU.Build.0 = Debug|Any CPU
		{95FDEFB0-5761-630D-3071-F55F45AFE772}.Release|Any CPU.ActiveCfg = Release|Any CPU
		{95FDEFB0-5761-630D-3071-F55F45AFE772}.Release|Any CPU.Build.0 = Release|Any CPU
		{E8C457D5-179D-61A4-96F9-88E3D7198282}.Debug|Any CPU.ActiveCfg = Debug|Any CPU
		{E8C457D5-179D-61A4-96F9-88E3D7198282}.Debug|Any CPU.Build.0 = Debug|Any CPU
		{E8C457D5-179D-61A4-96F9-88E3D7198282}.Release|Any CPU.ActiveCfg = Release|Any CPU
		{E8C457D5-179D-61A4-96F9-88E3D7198282}.Release|Any CPU.Build.0 = Release|Any CPU
		{6D616399-7414-C278-9D4D-0DFB338F05A0}.Debug|Any CPU.ActiveCfg = Debug|Any CPU
		{6D616399-7414-C278-9D4D-0DFB338F05A0}.Debug|Any CPU.Build.0 = Debug|Any CPU
		{6D616399-7414-C278-9D4D-0DFB338F05A0}.Release|Any CPU.ActiveCfg = Release|Any CPU
		{6D616399-7414-C278-9D4D-0DFB338F05A0}.Release|Any CPU.Build.0 = Release|Any CPU
		{13C89EC9-0924-28CD-1F14-DD9D32FA1719}.Debug|Any CPU.ActiveCfg = Debug|Any CPU
		{13C89EC9-0924-28CD-1F14-DD9D32FA1719}.Debug|Any CPU.Build.0 = Debug|Any CPU
		{13C89EC9-0924-28CD-1F14-DD9D32FA1719}.Release|Any CPU.ActiveCfg = Release|Any CPU
		{13C89EC9-0924-28CD-1F14-DD9D32FA1719}.Release|Any CPU.Build.0 = Release|Any CPU
		{D2CF8F7C-544A-7CC4-3745-54CDDB18CAB6}.Debug|Any CPU.ActiveCfg = Debug|Any CPU
		{D2CF8F7C-544A-7CC4-3745-54CDDB18CAB6}.Debug|Any CPU.Build.0 = Debug|Any CPU
		{D2CF8F7C-544A-7CC4-3745-54CDDB18CAB6}.Release|Any CPU.ActiveCfg = Release|Any CPU
		{D2CF8F7C-544A-7CC4-3745-54CDDB18CAB6}.Release|Any CPU.Build.0 = Release|Any CPU
		{5D3DFF18-BC19-57EE-0316-597EAB48AF26}.Debug|Any CPU.ActiveCfg = Debug|Any CPU
		{5D3DFF18-BC19-57EE-0316-597EAB48AF26}.Debug|Any CPU.Build.0 = Debug|Any CPU
		{5D3DFF18-BC19-57EE-0316-597EAB48AF26}.Release|Any CPU.ActiveCfg = Release|Any CPU
		{5D3DFF18-BC19-57EE-0316-597EAB48AF26}.Release|Any CPU.Build.0 = Release|Any CPU
		{649DB9E9-3E20-935C-F9CD-E578ACF5E26B}.Debug|Any CPU.ActiveCfg = Debug|Any CPU
		{649DB9E9-3E20-935C-F9CD-E578ACF5E26B}.Debug|Any CPU.Build.0 = Debug|Any CPU
		{649DB9E9-3E20-935C-F9CD-E578ACF5E26B}.Release|Any CPU.ActiveCfg = Release|Any CPU
		{649DB9E9-3E20-935C-F9CD-E578ACF5E26B}.Release|Any CPU.Build.0 = Release|Any CPU
		{51998A72-37BC-C97C-360B-6042342C5A16}.Debug|Any CPU.ActiveCfg = Debug|Any CPU
		{51998A72-37BC-C97C-360B-6042342C5A16}.Debug|Any CPU.Build.0 = Debug|Any CPU
		{51998A72-37BC-C97C-360B-6042342C5A16}.Release|Any CPU.ActiveCfg = Release|Any CPU
		{51998A72-37BC-C97C-360B-6042342C5A16}.Release|Any CPU.Build.0 = Release|Any CPU
		{92F39956-5502-4A1D-5381-4525BEB047A9}.Debug|Any CPU.ActiveCfg = Debug|Any CPU
		{92F39956-5502-4A1D-5381-4525BEB047A9}.Debug|Any CPU.Build.0 = Debug|Any CPU
		{92F39956-5502-4A1D-5381-4525BEB047A9}.Release|Any CPU.ActiveCfg = Release|Any CPU
		{92F39956-5502-4A1D-5381-4525BEB047A9}.Release|Any CPU.Build.0 = Release|Any CPU
		{66252366-19C3-576D-5003-3293A7F01F3D}.Debug|Any CPU.ActiveCfg = Debug|Any CPU
		{66252366-19C3-576D-5003-3293A7F01F3D}.Debug|Any CPU.Build.0 = Debug|Any CPU
		{66252366-19C3-576D-5003-3293A7F01F3D}.Release|Any CPU.ActiveCfg = Release|Any CPU
		{66252366-19C3-576D-5003-3293A7F01F3D}.Release|Any CPU.Build.0 = Release|Any CPU
		{E3CCD2F4-3B3A-10DC-3255-9A58F1016B1F}.Debug|Any CPU.ActiveCfg = Debug|Any CPU
		{E3CCD2F4-3B3A-10DC-3255-9A58F1016B1F}.Debug|Any CPU.Build.0 = Debug|Any CPU
		{E3CCD2F4-3B3A-10DC-3255-9A58F1016B1F}.Release|Any CPU.ActiveCfg = Release|Any CPU
		{E3CCD2F4-3B3A-10DC-3255-9A58F1016B1F}.Release|Any CPU.Build.0 = Release|Any CPU
		{063D8A5B-5E37-A065-0268-1E119B548934}.Debug|Any CPU.ActiveCfg = Debug|Any CPU
		{063D8A5B-5E37-A065-0268-1E119B548934}.Debug|Any CPU.Build.0 = Debug|Any CPU
		{063D8A5B-5E37-A065-0268-1E119B548934}.Release|Any CPU.ActiveCfg = Release|Any CPU
		{063D8A5B-5E37-A065-0268-1E119B548934}.Release|Any CPU.Build.0 = Release|Any CPU
		{4B32891A-43D0-6511-8F0A-E8154CD1DB7A}.Debug|Any CPU.ActiveCfg = Debug|Any CPU
		{4B32891A-43D0-6511-8F0A-E8154CD1DB7A}.Debug|Any CPU.Build.0 = Debug|Any CPU
		{4B32891A-43D0-6511-8F0A-E8154CD1DB7A}.Release|Any CPU.ActiveCfg = Release|Any CPU
		{4B32891A-43D0-6511-8F0A-E8154CD1DB7A}.Release|Any CPU.Build.0 = Release|Any CPU
		{7AB30582-12CB-ED48-7D9C-D2AAA223DE03}.Debug|Any CPU.ActiveCfg = Debug|Any CPU
		{7AB30582-12CB-ED48-7D9C-D2AAA223DE03}.Debug|Any CPU.Build.0 = Debug|Any CPU
		{7AB30582-12CB-ED48-7D9C-D2AAA223DE03}.Release|Any CPU.ActiveCfg = Release|Any CPU
		{7AB30582-12CB-ED48-7D9C-D2AAA223DE03}.Release|Any CPU.Build.0 = Release|Any CPU
		{512EDC5D-8821-42F2-FCED-5E1187781982}.Debug|Any CPU.ActiveCfg = Debug|Any CPU
		{512EDC5D-8821-42F2-FCED-5E1187781982}.Debug|Any CPU.Build.0 = Debug|Any CPU
		{512EDC5D-8821-42F2-FCED-5E1187781982}.Release|Any CPU.ActiveCfg = Release|Any CPU
		{512EDC5D-8821-42F2-FCED-5E1187781982}.Release|Any CPU.Build.0 = Release|Any CPU
		{063E87ED-F7B3-9A8B-F7A2-2A6859D2B945}.Debug|Any CPU.ActiveCfg = Debug|Any CPU
		{063E87ED-F7B3-9A8B-F7A2-2A6859D2B945}.Debug|Any CPU.Build.0 = Debug|Any CPU
		{063E87ED-F7B3-9A8B-F7A2-2A6859D2B945}.Release|Any CPU.ActiveCfg = Release|Any CPU
		{063E87ED-F7B3-9A8B-F7A2-2A6859D2B945}.Release|Any CPU.Build.0 = Release|Any CPU
		{03E43F7D-99CA-40FC-FAD2-FAFD951AAFCB}.Debug|Any CPU.ActiveCfg = Debug|Any CPU
		{03E43F7D-99CA-40FC-FAD2-FAFD951AAFCB}.Debug|Any CPU.Build.0 = Debug|Any CPU
		{03E43F7D-99CA-40FC-FAD2-FAFD951AAFCB}.Release|Any CPU.ActiveCfg = Release|Any CPU
		{03E43F7D-99CA-40FC-FAD2-FAFD951AAFCB}.Release|Any CPU.Build.0 = Release|Any CPU
		{6FDDB33E-1C80-CA19-CEF7-A64762BB7ED7}.Debug|Any CPU.ActiveCfg = Debug|Any CPU
		{6FDDB33E-1C80-CA19-CEF7-A64762BB7ED7}.Debug|Any CPU.Build.0 = Debug|Any CPU
		{6FDDB33E-1C80-CA19-CEF7-A64762BB7ED7}.Release|Any CPU.ActiveCfg = Release|Any CPU
		{6FDDB33E-1C80-CA19-CEF7-A64762BB7ED7}.Release|Any CPU.Build.0 = Release|Any CPU
		{347BC98F-7A32-D9E8-B24A-4D9BABA7DC4A}.Debug|Any CPU.ActiveCfg = Debug|Any CPU
		{347BC98F-7A32-D9E8-B24A-4D9BABA7DC4A}.Debug|Any CPU.Build.0 = Debug|Any CPU
		{347BC98F-7A32-D9E8-B24A-4D9BABA7DC4A}.Release|Any CPU.ActiveCfg = Release|Any CPU
		{347BC98F-7A32-D9E8-B24A-4D9BABA7DC4A}.Release|Any CPU.Build.0 = Release|Any CPU
		{F246D9FB-E6B8-431B-5F45-59993C37A5F7}.Debug|Any CPU.ActiveCfg = Debug|Any CPU
		{F246D9FB-E6B8-431B-5F45-59993C37A5F7}.Debug|Any CPU.Build.0 = Debug|Any CPU
		{F246D9FB-E6B8-431B-5F45-59993C37A5F7}.Release|Any CPU.ActiveCfg = Release|Any CPU
		{F246D9FB-E6B8-431B-5F45-59993C37A5F7}.Release|Any CPU.Build.0 = Release|Any CPU
		{44E89807-D94B-20F0-40BD-DD7DF187A59F}.Debug|Any CPU.ActiveCfg = Debug|Any CPU
		{44E89807-D94B-20F0-40BD-DD7DF187A59F}.Debug|Any CPU.Build.0 = Debug|Any CPU
		{44E89807-D94B-20F0-40BD-DD7DF187A59F}.Release|Any CPU.ActiveCfg = Release|Any CPU
		{44E89807-D94B-20F0-40BD-DD7DF187A59F}.Release|Any CPU.Build.0 = Release|Any CPU
		{2B190CB7-0700-7805-F929-A654DD1A3FA0}.Debug|Any CPU.ActiveCfg = Debug|Any CPU
		{2B190CB7-0700-7805-F929-A654DD1A3FA0}.Debug|Any CPU.Build.0 = Debug|Any CPU
		{2B190CB7-0700-7805-F929-A654DD1A3FA0}.Release|Any CPU.ActiveCfg = Release|Any CPU
		{2B190CB7-0700-7805-F929-A654DD1A3FA0}.Release|Any CPU.Build.0 = Release|Any CPU
		{00E98E30-32BB-599C-84C4-95FFB3E57469}.Debug|Any CPU.ActiveCfg = Debug|Any CPU
		{00E98E30-32BB-599C-84C4-95FFB3E57469}.Debug|Any CPU.Build.0 = Debug|Any CPU
		{00E98E30-32BB-599C-84C4-95FFB3E57469}.Release|Any CPU.ActiveCfg = Release|Any CPU
		{00E98E30-32BB-599C-84C4-95FFB3E57469}.Release|Any CPU.Build.0 = Release|Any CPU
	EndGlobalSection
	GlobalSection(SolutionProperties) = preSolution
		HideSolutionNode = FALSE
	EndGlobalSection
EndGlobal
